
Microsoft Visual Studio Solution File, Format Version 12.00
# Visual Studio 15
VisualStudioVersion = 15.0.28010.2046
MinimumVisualStudioVersion = 10.0.40219.1
Project("{FAE04EC0-301F-11D3-BF4B-00C04F79EFBC}") = "Exam_Q2", "Exam_Q2\Exam_Q2.csproj", "{6ACDDCF6-03E9-4B8E-A5F5-3648D112A1CE}"
EndProject
Global
	GlobalSection(SolutionConfigurationPlatforms) = preSolution
		Debug|Any CPU = Debug|Any CPU
		Release|Any CPU = Release|Any CPU
	EndGlobalSection
	GlobalSection(ProjectConfigurationPlatforms) = postSolution
		{6ACDDCF6-03E9-4B8E-A5F5-3648D112A1CE}.Debug|Any CPU.ActiveCfg = Debug|Any CPU
		{6ACDDCF6-03E9-4B8E-A5F5-3648D112A1CE}.Debug|Any CPU.Build.0 = Debug|Any CPU
		{6ACDDCF6-03E9-4B8E-A5F5-3648D112A1CE}.Release|Any CPU.ActiveCfg = Release|Any CPU
		{6ACDDCF6-03E9-4B8E-A5F5-3648D112A1CE}.Release|Any CPU.Build.0 = Release|Any CPU
	EndGlobalSection
	GlobalSection(SolutionProperties) = preSolution
		HideSolutionNode = FALSE
	EndGlobalSection
	GlobalSection(ExtensibilityGlobals) = postSolution
		SolutionGuid = {E1823AEF-7C4A-4145-86B9-52CD248B09D3}
	EndGlobalSection
EndGlobal
